// !$*UTF8*$!
{
	archiveVersion = 1;
	classes = {
	};
	objectVersion = 46;
	objects = {

/* Begin PBXBuildFile section */
		A05F1B1019C3C78F00D56423 /* AppDelegate.swift in Sources */ = {isa = PBXBuildFile; fileRef = A05F1B0F19C3C78F00D56423 /* AppDelegate.swift */; };
		A05F1B1219C3C78F00D56423 /* ViewController.swift in Sources */ = {isa = PBXBuildFile; fileRef = A05F1B1119C3C78F00D56423 /* ViewController.swift */; };
		A05F1B1519C3C78F00D56423 /* Main.storyboard in Resources */ = {isa = PBXBuildFile; fileRef = A05F1B1319C3C78F00D56423 /* Main.storyboard */; };
		A05F1B1719C3C78F00D56423 /* Images.xcassets in Resources */ = {isa = PBXBuildFile; fileRef = A05F1B1619C3C78F00D56423 /* Images.xcassets */; };
		A05F1B1A19C3C78F00D56423 /* LaunchScreen.xib in Resources */ = {isa = PBXBuildFile; fileRef = A05F1B1819C3C78F00D56423 /* LaunchScreen.xib */; };
		A05F1B2619C3C78F00D56423 /* PostcardTests.swift in Sources */ = {isa = PBXBuildFile; fileRef = A05F1B2519C3C78F00D56423 /* PostcardTests.swift */; };
		A05F1B3019C3CCEB00D56423 /* SagradaFamilia.jpeg in Resources */ = {isa = PBXBuildFile; fileRef = A05F1B2F19C3CCEB00D56423 /* SagradaFamilia.jpeg */; };
		A05F1B3219C3D5FD00D56423 /* AlbertEinsteinStamp.jpg in Resources */ = {isa = PBXBuildFile; fileRef = A05F1B3119C3D5FD00D56423 /* AlbertEinsteinStamp.jpg */; };
/* End PBXBuildFile section */

/* Begin PBXContainerItemProxy section */
		A05F1B2019C3C78F00D56423 /* PBXContainerItemProxy */ = {
			isa = PBXContainerItemProxy;
			containerPortal = A05F1B0219C3C78F00D56423 /* Project object */;
			proxyType = 1;
			remoteGlobalIDString = A05F1B0919C3C78F00D56423;
			remoteInfo = Postcard;
		};
/* End PBXContainerItemProxy section */

/* Begin PBXFileReference section */
		A05F1B0A19C3C78F00D56423 /* Postcard.app */ = {isa = PBXFileReference; explicitFileType = wrapper.application; includeInIndex = 0; path = Postcard.app; sourceTree = BUILT_PRODUCTS_DIR; };
		A05F1B0E19C3C78F00D56423 /* Info.plist */ = {isa = PBXFileReference; lastKnownFileType = text.plist.xml; path = Info.plist; sourceTree = "<group>"; };
		A05F1B0F19C3C78F00D56423 /* AppDelegate.swift */ = {isa = PBXFileReference; lastKnownFileType = sourcecode.swift; path = AppDelegate.swift; sourceTree = "<group>"; };
		A05F1B1119C3C78F00D56423 /* ViewController.swift */ = {isa = PBXFileReference; lastKnownFileType = sourcecode.swift; path = ViewController.swift; sourceTree = "<group>"; };
		A05F1B1419C3C78F00D56423 /* Base */ = {isa = PBXFileReference; lastKnownFileType = file.storyboard; name = Base; path = Base.lproj/Main.storyboard; sourceTree = "<group>"; };
		A05F1B1619C3C78F00D56423 /* Images.xcassets */ = {isa = PBXFileReference; lastKnownFileType = folder.assetcatalog; path = Images.xcassets; sourceTree = "<group>"; };
		A05F1B1919C3C78F00D56423 /* Base */ = {isa = PBXFileReference; lastKnownFileType = file.xib; name = Base; path = Base.lproj/LaunchScreen.xib; sourceTree = "<group>"; };
		A05F1B1F19C3C78F00D56423 /* PostcardTests.xctest */ = {isa = PBXFileReference; explicitFileType = wrapper.cfbundle; includeInIndex = 0; path = PostcardTests.xctest; sourceTree = BUILT_PRODUCTS_DIR; };
		A05F1B2419C3C78F00D56423 /* Info.plist */ = {isa = PBXFileReference; lastKnownFileType = text.plist.xml; path = Info.plist; sourceTree = "<group>"; };
		A05F1B2519C3C78F00D56423 /* PostcardTests.swift */ = {isa = PBXFileReference; lastKnownFileType = sourcecode.swift; path = PostcardTests.swift; sourceTree = "<group>"; };
		A05F1B2F19C3CCEB00D56423 /* SagradaFamilia.jpeg */ = {isa = PBXFileReference; lastKnownFileType = image.jpeg; path = SagradaFamilia.jpeg; sourceTree = "<group>"; };
		A05F1B3119C3D5FD00D56423 /* AlbertEinsteinStamp.jpg */ = {isa = PBXFileReference; lastKnownFileType = image.jpeg; path = AlbertEinsteinStamp.jpg; sourceTree = "<group>"; };
/* End PBXFileReference section */

/* Begin PBXFrameworksBuildPhase section */
		A05F1B0719C3C78F00D56423 /* Frameworks */ = {
			isa = PBXFrameworksBuildPhase;
			buildActionMask = 2147483647;
			files = (
			);
			runOnlyForDeploymentPostprocessing = 0;
		};
		A05F1B1C19C3C78F00D56423 /* Frameworks */ = {
			isa = PBXFrameworksBuildPhase;
			buildActionMask = 2147483647;
			files = (
			);
			runOnlyForDeploymentPostprocessing = 0;
		};
/* End PBXFrameworksBuildPhase section */

/* Begin PBXGroup section */
		A05F1B0119C3C78F00D56423 = {
			isa = PBXGroup;
			children = (
				A05F1B0C19C3C78F00D56423 /* Postcard */,
				A05F1B2219C3C78F00D56423 /* PostcardTests */,
				A05F1B0B19C3C78F00D56423 /* Products */,
			);
			sourceTree = "<group>";
		};
		A05F1B0B19C3C78F00D56423 /* Products */ = {
			isa = PBXGroup;
			children = (
				A05F1B0A19C3C78F00D56423 /* Postcard.app */,
				A05F1B1F19C3C78F00D56423 /* PostcardTests.xctest */,
			);
			name = Products;
			sourceTree = "<group>";
		};
		A05F1B0C19C3C78F00D56423 /* Postcard */ = {
			isa = PBXGroup;
			children = (
				A05F1B0F19C3C78F00D56423 /* AppDelegate.swift */,
				A05F1B1119C3C78F00D56423 /* ViewController.swift */,
				A05F1B1319C3C78F00D56423 /* Main.storyboard */,
				A05F1B1619C3C78F00D56423 /* Images.xcassets */,
				A05F1B1819C3C78F00D56423 /* LaunchScreen.xib */,
				A05F1B0D19C3C78F00D56423 /* Supporting Files */,
			);
			path = Postcard;
			sourceTree = "<group>";
		};
		A05F1B0D19C3C78F00D56423 /* Supporting Files */ = {
			isa = PBXGroup;
			children = (
				A05F1B3119C3D5FD00D56423 /* AlbertEinsteinStamp.jpg */,
				A05F1B2F19C3CCEB00D56423 /* SagradaFamilia.jpeg */,
				A05F1B0E19C3C78F00D56423 /* Info.plist */,
			);
			name = "Supporting Files";
			sourceTree = "<group>";
		};
		A05F1B2219C3C78F00D56423 /* PostcardTests */ = {
			isa = PBXGroup;
			children = (
				A05F1B2519C3C78F00D56423 /* PostcardTests.swift */,
				A05F1B2319C3C78F00D56423 /* Supporting Files */,
			);
			path = PostcardTests;
			sourceTree = "<group>";
		};
		A05F1B2319C3C78F00D56423 /* Supporting Files */ = {
			isa = PBXGroup;
			children = (
				A05F1B2419C3C78F00D56423 /* Info.plist */,
			);
			name = "Supporting Files";
			sourceTree = "<group>";
		};
/* End PBXGroup section */

/* Begin PBXNativeTarget section */
		A05F1B0919C3C78F00D56423 /* Postcard */ = {
			isa = PBXNativeTarget;
			buildConfigurationList = A05F1B2919C3C78F00D56423 /* Build configuration list for PBXNativeTarget "Postcard" */;
			buildPhases = (
				A05F1B0619C3C78F00D56423 /* Sources */,
				A05F1B0719C3C78F00D56423 /* Frameworks */,
				A05F1B0819C3C78F00D56423 /* Resources */,
			);
			buildRules = (
			);
			dependencies = (
			);
			name = Postcard;
			productName = Postcard;
			productReference = A05F1B0A19C3C78F00D56423 /* Postcard.app */;
			productType = "com.apple.product-type.application";
		};
		A05F1B1E19C3C78F00D56423 /* PostcardTests */ = {
			isa = PBXNativeTarget;
			buildConfigurationList = A05F1B2C19C3C78F00D56423 /* Build configuration list for PBXNativeTarget "PostcardTests" */;
			buildPhases = (
				A05F1B1B19C3C78F00D56423 /* Sources */,
				A05F1B1C19C3C78F00D56423 /* Frameworks */,
				A05F1B1D19C3C78F00D56423 /* Resources */,
			);
			buildRules = (
			);
			dependencies = (
				A05F1B2119C3C78F00D56423 /* PBXTargetDependency */,
			);
			name = PostcardTests;
			productName = PostcardTests;
			productReference = A05F1B1F19C3C78F00D56423 /* PostcardTests.xctest */;
			productType = "com.apple.product-type.bundle.unit-test";
		};
/* End PBXNativeTarget section */

/* Begin PBXProject section */
		A05F1B0219C3C78F00D56423 /* Project object */ = {
			isa = PBXProject;
			attributes = {
				LastUpgradeCheck = 0600;
				ORGANIZATIONNAME = "Daniel Yengle";
				TargetAttributes = {
					A05F1B0919C3C78F00D56423 = {
						CreatedOnToolsVersion = 6.0;
					};
					A05F1B1E19C3C78F00D56423 = {
						CreatedOnToolsVersion = 6.0;
						TestTargetID = A05F1B0919C3C78F00D56423;
					};
				};
			};
			buildConfigurationList = A05F1B0519C3C78F00D56423 /* Build configuration list for PBXProject "Postcard" */;
			compatibilityVersion = "Xcode 3.2";
			developmentRegion = English;
			hasScannedForEncodings = 0;
			knownRegions = (
				en,
				Base,
			);
			mainGroup = A05F1B0119C3C78F00D56423;
			productRefGroup = A05F1B0B19C3C78F00D56423 /* Products */;
			projectDirPath = "";
			projectRoot = "";
			targets = (
				A05F1B0919C3C78F00D56423 /* Postcard */,
				A05F1B1E19C3C78F00D56423 /* PostcardTests */,
			);
		};
/* End PBXProject section */

/* Begin PBXResourcesBuildPhase section */
		A05F1B0819C3C78F00D56423 /* Resources */ = {
			isa = PBXResourcesBuildPhase;
			buildActionMask = 2147483647;
			files = (
				A05F1B1519C3C78F00D56423 /* Main.storyboard in Resources */,
				A05F1B3019C3CCEB00D56423 /* SagradaFamilia.jpeg in Resources */,
				A05F1B3219C3D5FD00D56423 /* AlbertEinsteinStamp.jpg in Resources */,
				A05F1B1A19C3C78F00D56423 /* LaunchScreen.xib in Resources */,
				A05F1B1719C3C78F00D56423 /* Images.xcassets in Resources */,
			);
			runOnlyForDeploymentPostprocessing = 0;
		};
		A05F1B1D19C3C78F00D56423 /* Resources */ = {
			isa = PBXResourcesBuildPhase;
			buildActionMask = 2147483647;
			files = (
			);
			runOnlyForDeploymentPostprocessing = 0;
		};
/* End PBXResourcesBuildPhase section */

/* Begin PBXSourcesBuildPhase section */
		A05F1B0619C3C78F00D56423 /* Sources */ = {
			isa = PBXSourcesBuildPhase;
			buildActionMask = 2147483647;
			files = (
				A05F1B1219C3C78F00D56423 /* ViewController.swift in Sources */,
				A05F1B1019C3C78F00D56423 /* AppDelegate.swift in Sources */,
			);
			runOnlyForDeploymentPostprocessing = 0;
		};
		A05F1B1B19C3C78F00D56423 /* Sources */ = {
			isa = PBXSourcesBuildPhase;
			buildActionMask = 2147483647;
			files = (
				A05F1B2619C3C78F00D56423 /* PostcardTests.swift in Sources */,
			);
			runOnlyForDeploymentPostprocessing = 0;
		};
/* End PBXSourcesBuildPhase section */

/* Begin PBXTargetDependency section */
		A05F1B2119C3C78F00D56423 /* PBXTargetDependency */ = {
			isa = PBXTargetDependency;
			target = A05F1B0919C3C78F00D56423 /* Postcard */;
			targetProxy = A05F1B2019C3C78F00D56423 /* PBXContainerItemProxy */;
		};
/* End PBXTargetDependency section */

/* Begin PBXVariantGroup section */
		A05F1B1319C3C78F00D56423 /* Main.storyboard */ = {
			isa = PBXVariantGroup;
			children = (
				A05F1B1419C3C78F00D56423 /* Base */,
			);
			name = Main.storyboard;
			sourceTree = "<group>";
		};
		A05F1B1819C3C78F00D56423 /* LaunchScreen.xib */ = {
			isa = PBXVariantGroup;
			children = (
				A05F1B1919C3C78F00D56423 /* Base */,
			);
			name = LaunchScreen.xib;
			sourceTree = "<group>";
		};
/* End PBXVariantGroup section */

/* Begin XCBuildConfiguration section */
		A05F1B2719C3C78F00D56423 /* Debug */ = {
			isa = XCBuildConfiguration;
			buildSettings = {
				ALWAYS_SEARCH_USER_PATHS = NO;
				CLANG_CXX_LANGUAGE_STANDARD = "gnu++0x";
				CLANG_CXX_LIBRARY = "libc++";
				CLANG_ENABLE_MODULES = YES;
				CLANG_ENABLE_OBJC_ARC = YES;
				CLANG_WARN_BOOL_CONVERSION = YES;
				CLANG_WARN_CONSTANT_CONVERSION = YES;
				CLANG_WARN_DIRECT_OBJC_ISA_USAGE = YES_ERROR;
				CLANG_WARN_EMPTY_BODY = YES;
				CLANG_WARN_ENUM_CONVERSION = YES;
				CLANG_WARN_INT_CONVERSION = YES;
				CLANG_WARN_OBJC_ROOT_CLASS = YES_ERROR;
				CLANG_WARN_UNREACHABLE_CODE = YES;
				CLANG_WARN__DUPLICATE_METHOD_MATCH = YES;
				"CODE_SIGN_IDENTITY[sdk=iphoneos*]" = "iPhone Developer";
				COPY_PHASE_STRIP = NO;
				ENABLE_STRICT_OBJC_MSGSEND = YES;
				GCC_C_LANGUAGE_STANDARD = gnu99;
				GCC_DYNAMIC_NO_PIC = NO;
				GCC_OPTIMIZATION_LEVEL = 0;
				GCC_PREPROCESSOR_DEFINITIONS = (
					"DEBUG=1",
					"$(inherited)",
				);
				GCC_SYMBOLS_PRIVATE_EXTERN = NO;
				GCC_WARN_64_TO_32_BIT_CONVERSION = YES;
				GCC_WARN_ABOUT_RETURN_TYPE = YES_ERROR;
				GCC_WARN_UNDECLARED_SELECTOR = YES;
				GCC_WARN_UNINITIALIZED_AUTOS = YES_AGGRESSIVE;
				GCC_WARN_UNUSED_FUNCTION = YES;
				GCC_WARN_UNUSED_VARIABLE = YES;
				IPHONEOS_DEPLOYMENT_TARGET = 8.0;
				MTL_ENABLE_DEBUG_INFO = YES;
				ONLY_ACTIVE_ARCH = YES;
				SDKROOT = iphoneos;
				SWIFT_OPTIMIZATION_LEVEL = "-Onone";
			};
			name = Debug;
		};
		A05F1B2819C3C78F00D56423 /* Release */ = {
			isa = XCBuildConfiguration;
			buildSettings = {
				ALWAYS_SEARCH_USER_PATHS = NO;
				CLANG_CXX_LANGUAGE_STANDARD = "gnu++0x";
				CLANG_CXX_LIBRARY = "libc++";
				CLANG_ENABLE_MODULES = YES;
				CLANG_ENABLE_OBJC_ARC = YES;
				CLANG_WARN_BOOL_CONVERSION = YES;
				CLANG_WARN_CONSTANT_CONVERSION = YES;
				CLANG_WARN_DIRECT_OBJC_ISA_USAGE = YES_ERROR;
				CLANG_WARN_EMPTY_BODY = YES;
				CLANG_WARN_ENUM_CONVERSION = YES;
				CLANG_WARN_INT_CONVERSION = YES;
				CLANG_WARN_OBJC_ROOT_CLASS = YES_ERROR;
				CLANG_WARN_UNREACHABLE_CODE = YES;
				CLANG_WARN__DUPLICATE_METHOD_MATCH = YES;
				"CODE_SIGN_IDENTITY[sdk=iphoneos*]" = "iPhone Developer";
				COPY_PHASE_STRIP = YES;
				ENABLE_NS_ASSERTIONS = NO;
				ENABLE_STRICT_OBJC_MSGSEND = YES;
				GCC_C_LANGUAGE_STANDARD = gnu99;
				GCC_WARN_64_TO_32_BIT_CONVERSION = YES;
				GCC_WARN_ABOUT_RETURN_TYPE = YES_ERROR;
				GCC_WARN_UNDECLARED_SELECTOR = YES;
				GCC_WARN_UNINITIALIZED_AUTOS = YES_AGGRESSIVE;
				GCC_WARN_UNUSED_FUNCTION = YES;
				GCC_WARN_UNUSED_VARIABLE = YES;
				IPHONEOS_DEPLOYMENT_TARGET = 8.0;
				MTL_ENABLE_DEBUG_INFO = NO;
				SDKROOT = iphoneos;
				VALIDATE_PRODUCT = YES;
			};
			name = Release;
		};
		A05F1B2A19C3C78F00D56423 /* Debug */ = {
			isa = XCBuildConfiguration;
			buildSettings = {
				ASSETCATALOG_COMPILER_APPICON_NAME = AppIcon;
				INFOPLIST_FILE = Postcard/Info.plist;
				LD_RUNPATH_SEARCH_PATHS = "$(inherited) @executable_path/Frameworks";
				PRODUCT_NAME = "$(TARGET_NAME)";
			};
			name = Debug;
		};
		A05F1B2B19C3C78F00D56423 /* Release */ = {
			isa = XCBuildConfiguration;
			buildSettings = {
				ASSETCATALOG_COMPILER_APPICON_NAME = AppIcon;
				INFOPLIST_FILE = Postcard/Info.plist;
				LD_RUNPATH_SEARCH_PATHS = "$(inherited) @executable_path/Frameworks";
				PRODUCT_NAME = "$(TARGET_NAME)";
			};
			name = Release;
		};
		A05F1B2D19C3C78F00D56423 /* Debug */ = {
			isa = XCBuildConfiguration;
			buildSettings = {
				BUNDLE_LOADER = "$(TEST_HOST)";
				FRAMEWORK_SEARCH_PATHS = (
					"$(SDKROOT)/Developer/Library/Frameworks",
					"$(inherited)",
				);
				GCC_PREPROCESSOR_DEFINITIONS = (
					"DEBUG=1",
					"$(inherited)",
				);
				INFOPLIST_FILE = PostcardTests/Info.plist;
				LD_RUNPATH_SEARCH_PATHS = "$(inherited) @executable_path/Frameworks @loader_path/Frameworks";
				PRODUCT_NAME = "$(TARGET_NAME)";
				TEST_HOST = "$(BUILT_PRODUCTS_DIR)/Postcard.app/Postcard";
			};
			name = Debug;
		};
		A05F1B2E19C3C78F00D56423 /* Release */ = {
			isa = XCBuildConfiguration;
			buildSettings = {
				BUNDLE_LOADER = "$(TEST_HOST)";
				FRAMEWORK_SEARCH_PATHS = (
					"$(SDKROOT)/Developer/Library/Frameworks",
					"$(inherited)",
				);
				INFOPLIST_FILE = PostcardTests/Info.plist;
				LD_RUNPATH_SEARCH_PATHS = "$(inherited) @executable_path/Frameworks @loader_path/Frameworks";
				PRODUCT_NAME = "$(TARGET_NAME)";
				TEST_HOST = "$(BUILT_PRODUCTS_DIR)/Postcard.app/Postcard";
			};
			name = Release;
		};
/* End XCBuildConfiguration section */

/* Begin XCConfigurationList section */
		A05F1B0519C3C78F00D56423 /* Build configuration list for PBXProject "Postcard" */ = {
			isa = XCConfigurationList;
			buildConfigurations = (
				A05F1B2719C3C78F00D56423 /* Debug */,
				A05F1B2819C3C78F00D56423 /* Release */,
			);
			defaultConfigurationIsVisible = 0;
			defaultConfigurationName = Release;
		};
		A05F1B2919C3C78F00D56423 /* Build configuration list for PBXNativeTarget "Postcard" */ = {
			isa = XCConfigurationList;
			buildConfigurations = (
				A05F1B2A19C3C78F00D56423 /* Debug */,
				A05F1B2B19C3C78F00D56423 /* Release */,
			);
			defaultConfigurationIsVisible = 0;
		};
		A05F1B2C19C3C78F00D56423 /* Build configuration list for PBXNativeTarget "PostcardTests" */ = {
			isa = XCConfigurationList;
			buildConfigurations = (
				A05F1B2D19C3C78F00D56423 /* Debug */,
				A05F1B2E19C3C78F00D56423 /* Release */,
			);
			defaultConfigurationIsVisible = 0;
		};
/* End XCConfigurationList section */
	};
	rootObject = A05F1B0219C3C78F00D56423 /* Project object */;
}
